
Microsoft Visual Studio Solution File, Format Version 12.00
# Visual Studio 15
VisualStudioVersion = 15.0.27703.2026
MinimumVisualStudioVersion = 10.0.40219.1
Project("{FAE04EC0-301F-11D3-BF4B-00C04F79EFBC}") = "UHub", "UHub\UHub.csproj", "{A2F104A7-3DF2-49DE-A6F4-7B29457A5DA7}"
EndProject
Project("{FAE04EC0-301F-11D3-BF4B-00C04F79EFBC}") = "UHub.CoreLib", "UHub.CoreLib\UHub.CoreLib.csproj", "{0053819E-4BA2-4C94-A7BB-2B469D17980E}"
EndProject
Project("{00D1A9C2-B5F0-4AF3-8072-F6C62B433612}") = "UHub.Database", "UHub.Database\UHub.Database.sqlproj", "{8964376F-79AA-4D3D-A786-BA2A476E1E81}"
EndProject
Project("{FAE04EC0-301F-11D3-BF4B-00C04F79EFBC}") = "UHub.Tests", "UHub.Tests\UHub.Tests.csproj", "{1A72497A-418E-4A79-A024-5248874E29F5}"
EndProject
Project("{FAE04EC0-301F-11D3-BF4B-00C04F79EFBC}") = "UHub.CoreLib.Tests", "UHub.CoreLib.Tests\UHub.CoreLib.Tests.csproj", "{E5BBC031-05AA-4435-AD98-AF941D0D2EE5}"
	ProjectSection(ProjectDependencies) = postProject
		{A2F104A7-3DF2-49DE-A6F4-7B29457A5DA7} = {A2F104A7-3DF2-49DE-A6F4-7B29457A5DA7}
	EndProjectSection
EndProject
Project("{FAE04EC0-301F-11D3-BF4B-00C04F79EFBC}") = "UHub.CoreLib.RegExp", "UHub.CoreLib.RegExp\UHub.CoreLib.RegExp.csproj", "{747EE45F-912F-4EE6-A1E7-3AC7AD964335}"
EndProject
Project("{FAE04EC0-301F-11D3-BF4B-00C04F79EFBC}") = "UHub.CoreLib.RegExp.Compiler", "UHub.CoreLib.RegExp.Compiler\UHub.CoreLib.RegExp.Compiler.csproj", "{6F4AB933-3D54-4891-9E4A-35F4707B0FCA}"
EndProject
Project("{FAE04EC0-301F-11D3-BF4B-00C04F79EFBC}") = "UHub.CoreLib.RegExp.Compiled", "UHub.CoreLib.RegExp.Compiled\UHub.CoreLib.RegExp.Compiled.csproj", "{4A0D3083-46D5-45C9-B882-4B04090BA5EA}"
EndProject
Project("{FAE04EC0-301F-11D3-BF4B-00C04F79EFBC}") = "UHub.CoreLib.Common", "UHub.CoreLib.Common\UHub.CoreLib.Common.csproj", "{24E48ABE-9B66-4D3A-BCE8-2B2A635FAD4E}"
EndProject
Project("{FAE04EC0-301F-11D3-BF4B-00C04F79EFBC}") = "UHub.CoreLib.ErrorHandling", "UHub.CoreLib.ErrorHandling\UHub.CoreLib.ErrorHandling.csproj", "{01FF0731-BA07-4BD5-811B-C3AF0C8D4943}"
EndProject
Project("{FAE04EC0-301F-11D3-BF4B-00C04F79EFBC}") = "UHub.CoreLib.DataInterop", "UHub.CoreLib.DataInterop\UHub.CoreLib.DataInterop.csproj", "{C87EB027-E8EB-4474-A93E-337D72D50E18}"
EndProject
Project("{FAE04EC0-301F-11D3-BF4B-00C04F79EFBC}") = "UHub.CoreLib.Logging", "UHub.CoreLib.Logging\UHub.CoreLib.Logging.csproj", "{5605D673-C067-4AF4-B62C-E2AFAA93B534}"
EndProject
Project("{FAE04EC0-301F-11D3-BF4B-00C04F79EFBC}") = "UHub.CoreLib.Tools", "UHub.CoreLib.Tools\UHub.CoreLib.Tools.csproj", "{793BFDCC-6914-42FE-9B31-1976C701E36C}"
EndProject
Project("{FAE04EC0-301F-11D3-BF4B-00C04F79EFBC}") = "UHub.Database.UI.Designer", "UHub.Database.UI.Designer\UHub.Database.UI.Designer.csproj", "{C02940DB-ED64-4D9C-8149-C628CEBE32C2}"
EndProject
Project("{FAE04EC0-301F-11D3-BF4B-00C04F79EFBC}") = "UHub.Database.UI.Analytics", "UHub.Database.UI.Analytics\UHub.Database.UI.Analytics.csproj", "{2CAAF954-ED1E-4191-A2AA-250DCF01A8BA}"
EndProject
Project("{FAE04EC0-301F-11D3-BF4B-00C04F79EFBC}") = "UHub.CoreLib.EmailInterop", "UHub.CoreLib.EmailInterop\UHub.CoreLib.EmailInterop.csproj", "{BD2E744C-A67A-4D26-AEA6-DF0E79531A6E}"
EndProject
Project("{FAE04EC0-301F-11D3-BF4B-00C04F79EFBC}") = "UHub.Database.Automation.Templates", "UHub.Database.Automation.Templates\UHub.Database.Automation.Templates.csproj", "{415A3377-EC3F-43C4-AE5F-56A6C707BA4A}"
EndProject
Project("{FAE04EC0-301F-11D3-BF4B-00C04F79EFBC}") = "UHub.Database.Management", "UHub.DataBase.Management\UHub.Database.Management.csproj", "{59355DF0-6513-4905-95C7-C52D26028870}"
EndProject
Global
	GlobalSection(SolutionConfigurationPlatforms) = preSolution
		Debug|Any CPU = Debug|Any CPU
		Debug|x64 = Debug|x64
		Release|Any CPU = Release|Any CPU
		Release|x64 = Release|x64
		Testing|Any CPU = Testing|Any CPU
		Testing|x64 = Testing|x64
	EndGlobalSection
	GlobalSection(ProjectConfigurationPlatforms) = postSolution
		{A2F104A7-3DF2-49DE-A6F4-7B29457A5DA7}.Debug|Any CPU.ActiveCfg = Debug|Any CPU
		{A2F104A7-3DF2-49DE-A6F4-7B29457A5DA7}.Debug|Any CPU.Build.0 = Debug|Any CPU
		{A2F104A7-3DF2-49DE-A6F4-7B29457A5DA7}.Debug|x64.ActiveCfg = Debug|x64
		{A2F104A7-3DF2-49DE-A6F4-7B29457A5DA7}.Debug|x64.Build.0 = Debug|x64
		{A2F104A7-3DF2-49DE-A6F4-7B29457A5DA7}.Release|Any CPU.ActiveCfg = Release|Any CPU
		{A2F104A7-3DF2-49DE-A6F4-7B29457A5DA7}.Release|Any CPU.Build.0 = Release|Any CPU
		{A2F104A7-3DF2-49DE-A6F4-7B29457A5DA7}.Release|x64.ActiveCfg = Release|x64
		{A2F104A7-3DF2-49DE-A6F4-7B29457A5DA7}.Release|x64.Build.0 = Release|x64
		{A2F104A7-3DF2-49DE-A6F4-7B29457A5DA7}.Testing|Any CPU.ActiveCfg = Release|Any CPU
		{A2F104A7-3DF2-49DE-A6F4-7B29457A5DA7}.Testing|Any CPU.Build.0 = Release|Any CPU
		{A2F104A7-3DF2-49DE-A6F4-7B29457A5DA7}.Testing|x64.ActiveCfg = Release|x64
		{A2F104A7-3DF2-49DE-A6F4-7B29457A5DA7}.Testing|x64.Build.0 = Release|x64
		{0053819E-4BA2-4C94-A7BB-2B469D17980E}.Debug|Any CPU.ActiveCfg = Debug|Any CPU
		{0053819E-4BA2-4C94-A7BB-2B469D17980E}.Debug|Any CPU.Build.0 = Debug|Any CPU
		{0053819E-4BA2-4C94-A7BB-2B469D17980E}.Debug|x64.ActiveCfg = Debug|Any CPU
		{0053819E-4BA2-4C94-A7BB-2B469D17980E}.Debug|x64.Build.0 = Debug|Any CPU
		{0053819E-4BA2-4C94-A7BB-2B469D17980E}.Release|Any CPU.ActiveCfg = Release|Any CPU
		{0053819E-4BA2-4C94-A7BB-2B469D17980E}.Release|Any CPU.Build.0 = Release|Any CPU
		{0053819E-4BA2-4C94-A7BB-2B469D17980E}.Release|x64.ActiveCfg = Release|Any CPU
		{0053819E-4BA2-4C94-A7BB-2B469D17980E}.Release|x64.Build.0 = Release|Any CPU
		{0053819E-4BA2-4C94-A7BB-2B469D17980E}.Testing|Any CPU.ActiveCfg = Release|Any CPU
		{0053819E-4BA2-4C94-A7BB-2B469D17980E}.Testing|Any CPU.Build.0 = Release|Any CPU
		{0053819E-4BA2-4C94-A7BB-2B469D17980E}.Testing|x64.ActiveCfg = Release|Any CPU
		{0053819E-4BA2-4C94-A7BB-2B469D17980E}.Testing|x64.Build.0 = Release|Any CPU
		{8964376F-79AA-4D3D-A786-BA2A476E1E81}.Debug|Any CPU.ActiveCfg = Debug|Any CPU
		{8964376F-79AA-4D3D-A786-BA2A476E1E81}.Debug|Any CPU.Build.0 = Debug|Any CPU
		{8964376F-79AA-4D3D-A786-BA2A476E1E81}.Debug|Any CPU.Deploy.0 = Debug|Any CPU
		{8964376F-79AA-4D3D-A786-BA2A476E1E81}.Debug|x64.ActiveCfg = Debug|Any CPU
		{8964376F-79AA-4D3D-A786-BA2A476E1E81}.Debug|x64.Build.0 = Debug|Any CPU
		{8964376F-79AA-4D3D-A786-BA2A476E1E81}.Debug|x64.Deploy.0 = Debug|Any CPU
		{8964376F-79AA-4D3D-A786-BA2A476E1E81}.Release|Any CPU.ActiveCfg = Release|Any CPU
		{8964376F-79AA-4D3D-A786-BA2A476E1E81}.Release|Any CPU.Build.0 = Release|Any CPU
		{8964376F-79AA-4D3D-A786-BA2A476E1E81}.Release|Any CPU.Deploy.0 = Release|Any CPU
		{8964376F-79AA-4D3D-A786-BA2A476E1E81}.Release|x64.ActiveCfg = Release|Any CPU
		{8964376F-79AA-4D3D-A786-BA2A476E1E81}.Release|x64.Build.0 = Release|Any CPU
		{8964376F-79AA-4D3D-A786-BA2A476E1E81}.Release|x64.Deploy.0 = Release|Any CPU
		{8964376F-79AA-4D3D-A786-BA2A476E1E81}.Testing|Any CPU.ActiveCfg = Release|Any CPU
		{8964376F-79AA-4D3D-A786-BA2A476E1E81}.Testing|Any CPU.Build.0 = Release|Any CPU
		{8964376F-79AA-4D3D-A786-BA2A476E1E81}.Testing|Any CPU.Deploy.0 = Release|Any CPU
		{8964376F-79AA-4D3D-A786-BA2A476E1E81}.Testing|x64.ActiveCfg = Release|Any CPU
		{8964376F-79AA-4D3D-A786-BA2A476E1E81}.Testing|x64.Build.0 = Release|Any CPU
		{8964376F-79AA-4D3D-A786-BA2A476E1E81}.Testing|x64.Deploy.0 = Release|Any CPU
		{1A72497A-418E-4A79-A024-5248874E29F5}.Debug|Any CPU.ActiveCfg = Debug|Any CPU
		{1A72497A-418E-4A79-A024-5248874E29F5}.Debug|Any CPU.Build.0 = Debug|Any CPU
		{1A72497A-418E-4A79-A024-5248874E29F5}.Debug|x64.ActiveCfg = Debug|Any CPU
		{1A72497A-418E-4A79-A024-5248874E29F5}.Debug|x64.Build.0 = Debug|Any CPU
		{1A72497A-418E-4A79-A024-5248874E29F5}.Release|Any CPU.ActiveCfg = Release|Any CPU
		{1A72497A-418E-4A79-A024-5248874E29F5}.Release|Any CPU.Build.0 = Release|Any CPU
		{1A72497A-418E-4A79-A024-5248874E29F5}.Release|x64.ActiveCfg = Release|Any CPU
		{1A72497A-418E-4A79-A024-5248874E29F5}.Release|x64.Build.0 = Release|Any CPU
		{1A72497A-418E-4A79-A024-5248874E29F5}.Testing|Any CPU.ActiveCfg = Release|Any CPU
		{1A72497A-418E-4A79-A024-5248874E29F5}.Testing|Any CPU.Build.0 = Release|Any CPU
		{1A72497A-418E-4A79-A024-5248874E29F5}.Testing|x64.ActiveCfg = Release|Any CPU
		{1A72497A-418E-4A79-A024-5248874E29F5}.Testing|x64.Build.0 = Release|Any CPU
		{E5BBC031-05AA-4435-AD98-AF941D0D2EE5}.Debug|Any CPU.ActiveCfg = Debug|Any CPU
		{E5BBC031-05AA-4435-AD98-AF941D0D2EE5}.Debug|Any CPU.Build.0 = Debug|Any CPU
		{E5BBC031-05AA-4435-AD98-AF941D0D2EE5}.Debug|x64.ActiveCfg = Debug|Any CPU
		{E5BBC031-05AA-4435-AD98-AF941D0D2EE5}.Debug|x64.Build.0 = Debug|Any CPU
		{E5BBC031-05AA-4435-AD98-AF941D0D2EE5}.Release|Any CPU.ActiveCfg = Release|Any CPU
		{E5BBC031-05AA-4435-AD98-AF941D0D2EE5}.Release|Any CPU.Build.0 = Release|Any CPU
		{E5BBC031-05AA-4435-AD98-AF941D0D2EE5}.Release|x64.ActiveCfg = Release|Any CPU
		{E5BBC031-05AA-4435-AD98-AF941D0D2EE5}.Release|x64.Build.0 = Release|Any CPU
		{E5BBC031-05AA-4435-AD98-AF941D0D2EE5}.Testing|Any CPU.ActiveCfg = Testing|Any CPU
		{E5BBC031-05AA-4435-AD98-AF941D0D2EE5}.Testing|Any CPU.Build.0 = Testing|Any CPU
		{E5BBC031-05AA-4435-AD98-AF941D0D2EE5}.Testing|x64.ActiveCfg = Testing|Any CPU
		{E5BBC031-05AA-4435-AD98-AF941D0D2EE5}.Testing|x64.Build.0 = Testing|Any CPU
		{747EE45F-912F-4EE6-A1E7-3AC7AD964335}.Debug|Any CPU.ActiveCfg = Debug|Any CPU
		{747EE45F-912F-4EE6-A1E7-3AC7AD964335}.Debug|Any CPU.Build.0 = Debug|Any CPU
		{747EE45F-912F-4EE6-A1E7-3AC7AD964335}.Debug|x64.ActiveCfg = Debug|Any CPU
		{747EE45F-912F-4EE6-A1E7-3AC7AD964335}.Debug|x64.Build.0 = Debug|Any CPU
		{747EE45F-912F-4EE6-A1E7-3AC7AD964335}.Release|Any CPU.ActiveCfg = Release|Any CPU
		{747EE45F-912F-4EE6-A1E7-3AC7AD964335}.Release|Any CPU.Build.0 = Release|Any CPU
		{747EE45F-912F-4EE6-A1E7-3AC7AD964335}.Release|x64.ActiveCfg = Release|Any CPU
		{747EE45F-912F-4EE6-A1E7-3AC7AD964335}.Release|x64.Build.0 = Release|Any CPU
		{747EE45F-912F-4EE6-A1E7-3AC7AD964335}.Testing|Any CPU.ActiveCfg = Release|Any CPU
		{747EE45F-912F-4EE6-A1E7-3AC7AD964335}.Testing|Any CPU.Build.0 = Release|Any CPU
		{747EE45F-912F-4EE6-A1E7-3AC7AD964335}.Testing|x64.ActiveCfg = Release|Any CPU
		{747EE45F-912F-4EE6-A1E7-3AC7AD964335}.Testing|x64.Build.0 = Release|Any CPU
		{6F4AB933-3D54-4891-9E4A-35F4707B0FCA}.Debug|Any CPU.ActiveCfg = Debug|Any CPU
		{6F4AB933-3D54-4891-9E4A-35F4707B0FCA}.Debug|Any CPU.Build.0 = Debug|Any CPU
		{6F4AB933-3D54-4891-9E4A-35F4707B0FCA}.Debug|x64.ActiveCfg = Debug|Any CPU
		{6F4AB933-3D54-4891-9E4A-35F4707B0FCA}.Debug|x64.Build.0 = Debug|Any CPU
		{6F4AB933-3D54-4891-9E4A-35F4707B0FCA}.Release|Any CPU.ActiveCfg = Release|Any CPU
		{6F4AB933-3D54-4891-9E4A-35F4707B0FCA}.Release|Any CPU.Build.0 = Release|Any CPU
		{6F4AB933-3D54-4891-9E4A-35F4707B0FCA}.Release|x64.ActiveCfg = Release|Any CPU
		{6F4AB933-3D54-4891-9E4A-35F4707B0FCA}.Release|x64.Build.0 = Release|Any CPU
		{6F4AB933-3D54-4891-9E4A-35F4707B0FCA}.Testing|Any CPU.ActiveCfg = Release|Any CPU
		{6F4AB933-3D54-4891-9E4A-35F4707B0FCA}.Testing|Any CPU.Build.0 = Release|Any CPU
		{6F4AB933-3D54-4891-9E4A-35F4707B0FCA}.Testing|x64.ActiveCfg = Release|Any CPU
		{6F4AB933-3D54-4891-9E4A-35F4707B0FCA}.Testing|x64.Build.0 = Release|Any CPU
		{4A0D3083-46D5-45C9-B882-4B04090BA5EA}.Debug|Any CPU.ActiveCfg = Debug|Any CPU
		{4A0D3083-46D5-45C9-B882-4B04090BA5EA}.Debug|Any CPU.Build.0 = Debug|Any CPU
		{4A0D3083-46D5-45C9-B882-4B04090BA5EA}.Debug|x64.ActiveCfg = Debug|Any CPU
		{4A0D3083-46D5-45C9-B882-4B04090BA5EA}.Debug|x64.Build.0 = Debug|Any CPU
		{4A0D3083-46D5-45C9-B882-4B04090BA5EA}.Release|Any CPU.ActiveCfg = Release|Any CPU
		{4A0D3083-46D5-45C9-B882-4B04090BA5EA}.Release|Any CPU.Build.0 = Release|Any CPU
		{4A0D3083-46D5-45C9-B882-4B04090BA5EA}.Release|x64.ActiveCfg = Release|Any CPU
		{4A0D3083-46D5-45C9-B882-4B04090BA5EA}.Release|x64.Build.0 = Release|Any CPU
		{4A0D3083-46D5-45C9-B882-4B04090BA5EA}.Testing|Any CPU.ActiveCfg = Release|Any CPU
		{4A0D3083-46D5-45C9-B882-4B04090BA5EA}.Testing|Any CPU.Build.0 = Release|Any CPU
		{4A0D3083-46D5-45C9-B882-4B04090BA5EA}.Testing|x64.ActiveCfg = Release|Any CPU
		{4A0D3083-46D5-45C9-B882-4B04090BA5EA}.Testing|x64.Build.0 = Release|Any CPU
		{24E48ABE-9B66-4D3A-BCE8-2B2A635FAD4E}.Debug|Any CPU.ActiveCfg = Debug|Any CPU
		{24E48ABE-9B66-4D3A-BCE8-2B2A635FAD4E}.Debug|Any CPU.Build.0 = Debug|Any CPU
		{24E48ABE-9B66-4D3A-BCE8-2B2A635FAD4E}.Debug|x64.ActiveCfg = Debug|Any CPU
		{24E48ABE-9B66-4D3A-BCE8-2B2A635FAD4E}.Debug|x64.Build.0 = Debug|Any CPU
		{24E48ABE-9B66-4D3A-BCE8-2B2A635FAD4E}.Release|Any CPU.ActiveCfg = Release|Any CPU
		{24E48ABE-9B66-4D3A-BCE8-2B2A635FAD4E}.Release|Any CPU.Build.0 = Release|Any CPU
		{24E48ABE-9B66-4D3A-BCE8-2B2A635FAD4E}.Release|x64.ActiveCfg = Release|Any CPU
		{24E48ABE-9B66-4D3A-BCE8-2B2A635FAD4E}.Release|x64.Build.0 = Release|Any CPU
		{24E48ABE-9B66-4D3A-BCE8-2B2A635FAD4E}.Testing|Any CPU.ActiveCfg = Release|Any CPU
		{24E48ABE-9B66-4D3A-BCE8-2B2A635FAD4E}.Testing|Any CPU.Build.0 = Release|Any CPU
		{24E48ABE-9B66-4D3A-BCE8-2B2A635FAD4E}.Testing|x64.ActiveCfg = Release|Any CPU
		{24E48ABE-9B66-4D3A-BCE8-2B2A635FAD4E}.Testing|x64.Build.0 = Release|Any CPU
		{01FF0731-BA07-4BD5-811B-C3AF0C8D4943}.Debug|Any CPU.ActiveCfg = Debug|Any CPU
		{01FF0731-BA07-4BD5-811B-C3AF0C8D4943}.Debug|Any CPU.Build.0 = Debug|Any CPU
		{01FF0731-BA07-4BD5-811B-C3AF0C8D4943}.Debug|x64.ActiveCfg = Debug|Any CPU
		{01FF0731-BA07-4BD5-811B-C3AF0C8D4943}.Debug|x64.Build.0 = Debug|Any CPU
		{01FF0731-BA07-4BD5-811B-C3AF0C8D4943}.Release|Any CPU.ActiveCfg = Release|Any CPU
		{01FF0731-BA07-4BD5-811B-C3AF0C8D4943}.Release|Any CPU.Build.0 = Release|Any CPU
		{01FF0731-BA07-4BD5-811B-C3AF0C8D4943}.Release|x64.ActiveCfg = Release|Any CPU
		{01FF0731-BA07-4BD5-811B-C3AF0C8D4943}.Release|x64.Build.0 = Release|Any CPU
		{01FF0731-BA07-4BD5-811B-C3AF0C8D4943}.Testing|Any CPU.ActiveCfg = Release|Any CPU
		{01FF0731-BA07-4BD5-811B-C3AF0C8D4943}.Testing|Any CPU.Build.0 = Release|Any CPU
		{01FF0731-BA07-4BD5-811B-C3AF0C8D4943}.Testing|x64.ActiveCfg = Release|Any CPU
		{01FF0731-BA07-4BD5-811B-C3AF0C8D4943}.Testing|x64.Build.0 = Release|Any CPU
		{C87EB027-E8EB-4474-A93E-337D72D50E18}.Debug|Any CPU.ActiveCfg = Debug|Any CPU
		{C87EB027-E8EB-4474-A93E-337D72D50E18}.Debug|Any CPU.Build.0 = Debug|Any CPU
		{C87EB027-E8EB-4474-A93E-337D72D50E18}.Debug|x64.ActiveCfg = Debug|Any CPU
		{C87EB027-E8EB-4474-A93E-337D72D50E18}.Debug|x64.Build.0 = Debug|Any CPU
		{C87EB027-E8EB-4474-A93E-337D72D50E18}.Release|Any CPU.ActiveCfg = Release|Any CPU
		{C87EB027-E8EB-4474-A93E-337D72D50E18}.Release|Any CPU.Build.0 = Release|Any CPU
		{C87EB027-E8EB-4474-A93E-337D72D50E18}.Release|x64.ActiveCfg = Release|Any CPU
		{C87EB027-E8EB-4474-A93E-337D72D50E18}.Release|x64.Build.0 = Release|Any CPU
		{C87EB027-E8EB-4474-A93E-337D72D50E18}.Testing|Any CPU.ActiveCfg = Release|Any CPU
		{C87EB027-E8EB-4474-A93E-337D72D50E18}.Testing|Any CPU.Build.0 = Release|Any CPU
		{C87EB027-E8EB-4474-A93E-337D72D50E18}.Testing|x64.ActiveCfg = Release|Any CPU
		{C87EB027-E8EB-4474-A93E-337D72D50E18}.Testing|x64.Build.0 = Release|Any CPU
		{5605D673-C067-4AF4-B62C-E2AFAA93B534}.Debug|Any CPU.ActiveCfg = Debug|Any CPU
		{5605D673-C067-4AF4-B62C-E2AFAA93B534}.Debug|Any CPU.Build.0 = Debug|Any CPU
		{5605D673-C067-4AF4-B62C-E2AFAA93B534}.Debug|x64.ActiveCfg = Debug|Any CPU
		{5605D673-C067-4AF4-B62C-E2AFAA93B534}.Debug|x64.Build.0 = Debug|Any CPU
		{5605D673-C067-4AF4-B62C-E2AFAA93B534}.Release|Any CPU.ActiveCfg = Release|Any CPU
		{5605D673-C067-4AF4-B62C-E2AFAA93B534}.Release|Any CPU.Build.0 = Release|Any CPU
		{5605D673-C067-4AF4-B62C-E2AFAA93B534}.Release|x64.ActiveCfg = Release|Any CPU
		{5605D673-C067-4AF4-B62C-E2AFAA93B534}.Release|x64.Build.0 = Release|Any CPU
		{5605D673-C067-4AF4-B62C-E2AFAA93B534}.Testing|Any CPU.ActiveCfg = Release|Any CPU
		{5605D673-C067-4AF4-B62C-E2AFAA93B534}.Testing|Any CPU.Build.0 = Release|Any CPU
		{5605D673-C067-4AF4-B62C-E2AFAA93B534}.Testing|x64.ActiveCfg = Release|Any CPU
		{5605D673-C067-4AF4-B62C-E2AFAA93B534}.Testing|x64.Build.0 = Release|Any CPU
		{793BFDCC-6914-42FE-9B31-1976C701E36C}.Debug|Any CPU.ActiveCfg = Debug|Any CPU
		{793BFDCC-6914-42FE-9B31-1976C701E36C}.Debug|Any CPU.Build.0 = Debug|Any CPU
		{793BFDCC-6914-42FE-9B31-1976C701E36C}.Debug|x64.ActiveCfg = Debug|Any CPU
		{793BFDCC-6914-42FE-9B31-1976C701E36C}.Debug|x64.Build.0 = Debug|Any CPU
		{793BFDCC-6914-42FE-9B31-1976C701E36C}.Release|Any CPU.ActiveCfg = Release|Any CPU
		{793BFDCC-6914-42FE-9B31-1976C701E36C}.Release|Any CPU.Build.0 = Release|Any CPU
		{793BFDCC-6914-42FE-9B31-1976C701E36C}.Release|x64.ActiveCfg = Release|Any CPU
		{793BFDCC-6914-42FE-9B31-1976C701E36C}.Release|x64.Build.0 = Release|Any CPU
		{793BFDCC-6914-42FE-9B31-1976C701E36C}.Testing|Any CPU.ActiveCfg = Release|Any CPU
		{793BFDCC-6914-42FE-9B31-1976C701E36C}.Testing|Any CPU.Build.0 = Release|Any CPU
		{793BFDCC-6914-42FE-9B31-1976C701E36C}.Testing|x64.ActiveCfg = Release|Any CPU
		{793BFDCC-6914-42FE-9B31-1976C701E36C}.Testing|x64.Build.0 = Release|Any CPU
		{C02940DB-ED64-4D9C-8149-C628CEBE32C2}.Debug|Any CPU.ActiveCfg = Debug|Any CPU
		{C02940DB-ED64-4D9C-8149-C628CEBE32C2}.Debug|Any CPU.Build.0 = Debug|Any CPU
		{C02940DB-ED64-4D9C-8149-C628CEBE32C2}.Debug|x64.ActiveCfg = Debug|Any CPU
		{C02940DB-ED64-4D9C-8149-C628CEBE32C2}.Debug|x64.Build.0 = Debug|Any CPU
		{C02940DB-ED64-4D9C-8149-C628CEBE32C2}.Release|Any CPU.ActiveCfg = Release|Any CPU
		{C02940DB-ED64-4D9C-8149-C628CEBE32C2}.Release|Any CPU.Build.0 = Release|Any CPU
		{C02940DB-ED64-4D9C-8149-C628CEBE32C2}.Release|x64.ActiveCfg = Release|Any CPU
		{C02940DB-ED64-4D9C-8149-C628CEBE32C2}.Release|x64.Build.0 = Release|Any CPU
		{C02940DB-ED64-4D9C-8149-C628CEBE32C2}.Testing|Any CPU.ActiveCfg = Release|Any CPU
		{C02940DB-ED64-4D9C-8149-C628CEBE32C2}.Testing|Any CPU.Build.0 = Release|Any CPU
		{C02940DB-ED64-4D9C-8149-C628CEBE32C2}.Testing|x64.ActiveCfg = Release|Any CPU
		{C02940DB-ED64-4D9C-8149-C628CEBE32C2}.Testing|x64.Build.0 = Release|Any CPU
		{2CAAF954-ED1E-4191-A2AA-250DCF01A8BA}.Debug|Any CPU.ActiveCfg = Debug|Any CPU
		{2CAAF954-ED1E-4191-A2AA-250DCF01A8BA}.Debug|Any CPU.Build.0 = Debug|Any CPU
		{2CAAF954-ED1E-4191-A2AA-250DCF01A8BA}.Debug|x64.ActiveCfg = Debug|Any CPU
		{2CAAF954-ED1E-4191-A2AA-250DCF01A8BA}.Debug|x64.Build.0 = Debug|Any CPU
		{2CAAF954-ED1E-4191-A2AA-250DCF01A8BA}.Release|Any CPU.ActiveCfg = Release|Any CPU
		{2CAAF954-ED1E-4191-A2AA-250DCF01A8BA}.Release|Any CPU.Build.0 = Release|Any CPU
		{2CAAF954-ED1E-4191-A2AA-250DCF01A8BA}.Release|x64.ActiveCfg = Release|Any CPU
		{2CAAF954-ED1E-4191-A2AA-250DCF01A8BA}.Release|x64.Build.0 = Release|Any CPU
		{2CAAF954-ED1E-4191-A2AA-250DCF01A8BA}.Testing|Any CPU.ActiveCfg = Release|Any CPU
		{2CAAF954-ED1E-4191-A2AA-250DCF01A8BA}.Testing|Any CPU.Build.0 = Release|Any CPU
		{2CAAF954-ED1E-4191-A2AA-250DCF01A8BA}.Testing|x64.ActiveCfg = Release|Any CPU
		{2CAAF954-ED1E-4191-A2AA-250DCF01A8BA}.Testing|x64.Build.0 = Release|Any CPU
		{BD2E744C-A67A-4D26-AEA6-DF0E79531A6E}.Debug|Any CPU.ActiveCfg = Debug|Any CPU
		{BD2E744C-A67A-4D26-AEA6-DF0E79531A6E}.Debug|Any CPU.Build.0 = Debug|Any CPU
		{BD2E744C-A67A-4D26-AEA6-DF0E79531A6E}.Debug|x64.ActiveCfg = Debug|Any CPU
		{BD2E744C-A67A-4D26-AEA6-DF0E79531A6E}.Debug|x64.Build.0 = Debug|Any CPU
		{BD2E744C-A67A-4D26-AEA6-DF0E79531A6E}.Release|Any CPU.ActiveCfg = Release|Any CPU
		{BD2E744C-A67A-4D26-AEA6-DF0E79531A6E}.Release|Any CPU.Build.0 = Release|Any CPU
		{BD2E744C-A67A-4D26-AEA6-DF0E79531A6E}.Release|x64.ActiveCfg = Release|Any CPU
		{BD2E744C-A67A-4D26-AEA6-DF0E79531A6E}.Release|x64.Build.0 = Release|Any CPU
		{BD2E744C-A67A-4D26-AEA6-DF0E79531A6E}.Testing|Any CPU.ActiveCfg = Release|Any CPU
		{BD2E744C-A67A-4D26-AEA6-DF0E79531A6E}.Testing|Any CPU.Build.0 = Release|Any CPU
		{BD2E744C-A67A-4D26-AEA6-DF0E79531A6E}.Testing|x64.ActiveCfg = Release|Any CPU
		{BD2E744C-A67A-4D26-AEA6-DF0E79531A6E}.Testing|x64.Build.0 = Release|Any CPU
		{415A3377-EC3F-43C4-AE5F-56A6C707BA4A}.Debug|Any CPU.ActiveCfg = Debug|Any CPU
		{415A3377-EC3F-43C4-AE5F-56A6C707BA4A}.Debug|Any CPU.Build.0 = Debug|Any CPU
		{415A3377-EC3F-43C4-AE5F-56A6C707BA4A}.Debug|x64.ActiveCfg = Debug|Any CPU
		{415A3377-EC3F-43C4-AE5F-56A6C707BA4A}.Debug|x64.Build.0 = Debug|Any CPU
		{415A3377-EC3F-43C4-AE5F-56A6C707BA4A}.Release|Any CPU.ActiveCfg = Release|Any CPU
		{415A3377-EC3F-43C4-AE5F-56A6C707BA4A}.Release|Any CPU.Build.0 = Release|Any CPU
		{415A3377-EC3F-43C4-AE5F-56A6C707BA4A}.Release|x64.ActiveCfg = Release|Any CPU
		{415A3377-EC3F-43C4-AE5F-56A6C707BA4A}.Release|x64.Build.0 = Release|Any CPU
		{415A3377-EC3F-43C4-AE5F-56A6C707BA4A}.Testing|Any CPU.ActiveCfg = Release|Any CPU
		{415A3377-EC3F-43C4-AE5F-56A6C707BA4A}.Testing|Any CPU.Build.0 = Release|Any CPU
		{415A3377-EC3F-43C4-AE5F-56A6C707BA4A}.Testing|x64.ActiveCfg = Release|Any CPU
		{415A3377-EC3F-43C4-AE5F-56A6C707BA4A}.Testing|x64.Build.0 = Release|Any CPU
		{59355DF0-6513-4905-95C7-C52D26028870}.Debug|Any CPU.ActiveCfg = Debug|Any CPU
		{59355DF0-6513-4905-95C7-C52D26028870}.Debug|Any CPU.Build.0 = Debug|Any CPU
		{59355DF0-6513-4905-95C7-C52D26028870}.Debug|x64.ActiveCfg = Debug|Any CPU
		{59355DF0-6513-4905-95C7-C52D26028870}.Debug|x64.Build.0 = Debug|Any CPU
		{59355DF0-6513-4905-95C7-C52D26028870}.Release|Any CPU.ActiveCfg = Release|Any CPU
		{59355DF0-6513-4905-95C7-C52D26028870}.Release|Any CPU.Build.0 = Release|Any CPU
		{59355DF0-6513-4905-95C7-C52D26028870}.Release|x64.ActiveCfg = Release|Any CPU
		{59355DF0-6513-4905-95C7-C52D26028870}.Release|x64.Build.0 = Release|Any CPU
		{59355DF0-6513-4905-95C7-C52D26028870}.Testing|Any CPU.ActiveCfg = Release|Any CPU
		{59355DF0-6513-4905-95C7-C52D26028870}.Testing|Any CPU.Build.0 = Release|Any CPU
		{59355DF0-6513-4905-95C7-C52D26028870}.Testing|x64.ActiveCfg = Release|Any CPU
		{59355DF0-6513-4905-95C7-C52D26028870}.Testing|x64.Build.0 = Release|Any CPU
	EndGlobalSection
	GlobalSection(SolutionProperties) = preSolution
		HideSolutionNode = FALSE
	EndGlobalSection
	GlobalSection(ExtensibilityGlobals) = postSolution
		SolutionGuid = {D9AC569E-FEC5-4736-9CDA-BAEAC01DB28E}
	EndGlobalSection
EndGlobal
